
Microsoft Visual Studio Solution File, Format Version 12.00
# Visual Studio Version 16
VisualStudioVersion = 16.0.30011.22
MinimumVisualStudioVersion = 10.0.40219.1
Project("{9A19103F-16F7-4668-BE54-9A1E7A4F7556}") = "ApiCalendarioTareas", "ApiCalendarioTareas\ApiCalendarioTareas.csproj", "{575A3376-C8ED-4603-BA7E-E7D8978647B2}"
EndProject
Global
	GlobalSection(SolutionConfigurationPlatforms) = preSolution
		Debug|Any CPU = Debug|Any CPU
		Release|Any CPU = Release|Any CPU
	EndGlobalSection
	GlobalSection(ProjectConfigurationPlatforms) = postSolution
		{575A3376-C8ED-4603-BA7E-E7D8978647B2}.Debug|Any CPU.ActiveCfg = Debug|Any CPU
		{575A3376-C8ED-4603-BA7E-E7D8978647B2}.Debug|Any CPU.Build.0 = Debug|Any CPU
		{575A3376-C8ED-4603-BA7E-E7D8978647B2}.Release|Any CPU.ActiveCfg = Release|Any CPU
		{575A3376-C8ED-4603-BA7E-E7D8978647B2}.Release|Any CPU.Build.0 = Release|Any CPU
	EndGlobalSection
	GlobalSection(SolutionProperties) = preSolution
		HideSolutionNode = FALSE
	EndGlobalSection
	GlobalSection(ExtensibilityGlobals) = postSolution
		SolutionGuid = {3824B825-6983-4345-A6AE-A7C962F0CF45}
	EndGlobalSection
EndGlobal
